// !$*UTF8*$!
{
	archiveVersion = 1;
	classes = {
	};
	objectVersion = 46;
	objects = {

/* Begin PBXBuildFile section */
		DA938CC51545CAC9008CC221 /* icon.png in Resources */ = {isa = PBXBuildFile; fileRef = DA938CC41545CAC9008CC221 /* icon.png */; };
		DA938CC81545CAFF008CC221 /* icon 2.png in Resources */ = {isa = PBXBuildFile; fileRef = DA938CC71545CAFF008CC221 /* icon 2.png */; };
		E19C10F81516114D00E5C535 /* UIKit.framework in Frameworks */ = {isa = PBXBuildFile; fileRef = E19C10F71516114D00E5C535 /* UIKit.framework */; };
		E19C10FA1516114D00E5C535 /* Foundation.framework in Frameworks */ = {isa = PBXBuildFile; fileRef = E19C10F91516114D00E5C535 /* Foundation.framework */; };
		E19C10FC1516114D00E5C535 /* CoreGraphics.framework in Frameworks */ = {isa = PBXBuildFile; fileRef = E19C10FB1516114D00E5C535 /* CoreGraphics.framework */; };
		E19C11021516114D00E5C535 /* InfoPlist.strings in Resources */ = {isa = PBXBuildFile; fileRef = E19C11001516114D00E5C535 /* InfoPlist.strings */; };
		E19C11041516114D00E5C535 /* main.m in Sources */ = {isa = PBXBuildFile; fileRef = E19C11031516114D00E5C535 /* main.m */; };
		E19C11081516114D00E5C535 /* AppDelegate.m in Sources */ = {isa = PBXBuildFile; fileRef = E19C11071516114D00E5C535 /* AppDelegate.m */; };
		E19C110B1516114D00E5C535 /* MainStoryboard.storyboard in Resources */ = {isa = PBXBuildFile; fileRef = E19C11091516114D00E5C535 /* MainStoryboard.storyboard */; };
		E19C110E1516114D00E5C535 /* ViewController.m in Sources */ = {isa = PBXBuildFile; fileRef = E19C110D1516114D00E5C535 /* ViewController.m */; };
		E19C1116151611DE00E5C535 /* HolaIO.m in Sources */ = {isa = PBXBuildFile; fileRef = E19C1115151611DE00E5C535 /* HolaIO.m */; };
/* End PBXBuildFile section */

/* Begin PBXFileReference section */
		DA938CC41545CAC9008CC221 /* icon.png */ = {isa = PBXFileReference; lastKnownFileType = image.png; path = icon.png; sourceTree = "<group>"; };
		DA938CC71545CAFF008CC221 /* icon 2.png */ = {isa = PBXFileReference; lastKnownFileType = image.png; path = "icon 2.png"; sourceTree = "<group>"; };
		E19C10F31516114D00E5C535 /* HolaIO.app */ = {isa = PBXFileReference; explicitFileType = wrapper.application; includeInIndex = 0; path = HolaIO.app; sourceTree = BUILT_PRODUCTS_DIR; };
		E19C10F71516114D00E5C535 /* UIKit.framework */ = {isa = PBXFileReference; lastKnownFileType = wrapper.framework; name = UIKit.framework; path = System/Library/Frameworks/UIKit.framework; sourceTree = SDKROOT; };
		E19C10F91516114D00E5C535 /* Foundation.framework */ = {isa = PBXFileReference; lastKnownFileType = wrapper.framework; name = Foundation.framework; path = System/Library/Frameworks/Foundation.framework; sourceTree = SDKROOT; };
		E19C10FB1516114D00E5C535 /* CoreGraphics.framework */ = {isa = PBXFileReference; lastKnownFileType = wrapper.framework; name = CoreGraphics.framework; path = System/Library/Frameworks/CoreGraphics.framework; sourceTree = SDKROOT; };
		E19C10FF1516114D00E5C535 /* HolaIO-Info.plist */ = {isa = PBXFileReference; lastKnownFileType = text.plist.xml; path = "HolaIO-Info.plist"; sourceTree = "<group>"; };
		E19C11011516114D00E5C535 /* en */ = {isa = PBXFileReference; lastKnownFileType = text.plist.strings; name = en; path = en.lproj/InfoPlist.strings; sourceTree = "<group>"; };
		E19C11031516114D00E5C535 /* main.m */ = {isa = PBXFileReference; lastKnownFileType = sourcecode.c.objc; path = main.m; sourceTree = "<group>"; };
		E19C11051516114D00E5C535 /* HolaIO-Prefix.pch */ = {isa = PBXFileReference; lastKnownFileType = sourcecode.c.h; path = "HolaIO-Prefix.pch"; sourceTree = "<group>"; };
		E19C11061516114D00E5C535 /* AppDelegate.h */ = {isa = PBXFileReference; lastKnownFileType = sourcecode.c.h; path = AppDelegate.h; sourceTree = "<group>"; };
		E19C11071516114D00E5C535 /* AppDelegate.m */ = {isa = PBXFileReference; lastKnownFileType = sourcecode.c.objc; path = AppDelegate.m; sourceTree = "<group>"; };
		E19C110A1516114D00E5C535 /* en */ = {isa = PBXFileReference; lastKnownFileType = file.storyboard; name = en; path = en.lproj/MainStoryboard.storyboard; sourceTree = "<group>"; };
		E19C110C1516114D00E5C535 /* ViewController.h */ = {isa = PBXFileReference; lastKnownFileType = sourcecode.c.h; path = ViewController.h; sourceTree = "<group>"; };
		E19C110D1516114D00E5C535 /* ViewController.m */ = {isa = PBXFileReference; lastKnownFileType = sourcecode.c.objc; path = ViewController.m; sourceTree = "<group>"; };
		E19C1114151611DE00E5C535 /* HolaIO.h */ = {isa = PBXFileReference; fileEncoding = 4; lastKnownFileType = sourcecode.c.h; path = HolaIO.h; sourceTree = SOURCE_ROOT; };
		E19C1115151611DE00E5C535 /* HolaIO.m */ = {isa = PBXFileReference; fileEncoding = 4; lastKnownFileType = sourcecode.c.objc; path = HolaIO.m; sourceTree = SOURCE_ROOT; };
/* End PBXFileReference section */

/* Begin PBXFrameworksBuildPhase section */
		E19C10F01516114D00E5C535 /* Frameworks */ = {
			isa = PBXFrameworksBuildPhase;
			buildActionMask = 2147483647;
			files = (
				E19C10F81516114D00E5C535 /* UIKit.framework in Frameworks */,
				E19C10FA1516114D00E5C535 /* Foundation.framework in Frameworks */,
				E19C10FC1516114D00E5C535 /* CoreGraphics.framework in Frameworks */,
			);
			runOnlyForDeploymentPostprocessing = 0;
		};
/* End PBXFrameworksBuildPhase section */

/* Begin PBXGroup section */
		E19C10E81516114D00E5C535 = {
			isa = PBXGroup;
			children = (
				E19C10FD1516114D00E5C535 /* HolaIO */,
				E19C10F61516114D00E5C535 /* Frameworks */,
				E19C10F41516114D00E5C535 /* Products */,
			);
			sourceTree = "<group>";
		};
		E19C10F41516114D00E5C535 /* Products */ = {
			isa = PBXGroup;
			children = (
				E19C10F31516114D00E5C535 /* HolaIO.app */,
			);
			name = Products;
			sourceTree = "<group>";
		};
		E19C10F61516114D00E5C535 /* Frameworks */ = {
			isa = PBXGroup;
			children = (
				E19C10F71516114D00E5C535 /* UIKit.framework */,
				E19C10F91516114D00E5C535 /* Foundation.framework */,
				E19C10FB1516114D00E5C535 /* CoreGraphics.framework */,
			);
			name = Frameworks;
			sourceTree = "<group>";
		};
		E19C10FD1516114D00E5C535 /* HolaIO */ = {
			isa = PBXGroup;
			children = (
				DA938CC41545CAC9008CC221 /* icon.png */,
				DA938CC71545CAFF008CC221 /* icon 2.png */,
				E19C11061516114D00E5C535 /* AppDelegate.h */,
				E19C11071516114D00E5C535 /* AppDelegate.m */,
				E19C11091516114D00E5C535 /* MainStoryboard.storyboard */,
				E19C110C1516114D00E5C535 /* ViewController.h */,
				E19C110D1516114D00E5C535 /* ViewController.m */,
				E19C1114151611DE00E5C535 /* HolaIO.h */,
				E19C1115151611DE00E5C535 /* HolaIO.m */,
				E19C10FE1516114D00E5C535 /* Supporting Files */,
			);
			path = HolaIO;
			sourceTree = "<group>";
		};
		E19C10FE1516114D00E5C535 /* Supporting Files */ = {
			isa = PBXGroup;
			children = (
				E19C10FF1516114D00E5C535 /* HolaIO-Info.plist */,
				E19C11001516114D00E5C535 /* InfoPlist.strings */,
				E19C11031516114D00E5C535 /* main.m */,
				E19C11051516114D00E5C535 /* HolaIO-Prefix.pch */,
			);
			name = "Supporting Files";
			sourceTree = "<group>";
		};
/* End PBXGroup section */

/* Begin PBXNativeTarget section */
		E19C10F21516114D00E5C535 /* HolaIO */ = {
			isa = PBXNativeTarget;
			buildConfigurationList = E19C11111516114D00E5C535 /* Build configuration list for PBXNativeTarget "HolaIO" */;
			buildPhases = (
				E19C10EF1516114D00E5C535 /* Sources */,
				E19C10F01516114D00E5C535 /* Frameworks */,
				E19C10F11516114D00E5C535 /* Resources */,
			);
			buildRules = (
			);
			dependencies = (
			);
			name = HolaIO;
			productName = HolaIO;
			productReference = E19C10F31516114D00E5C535 /* HolaIO.app */;
			productType = "com.apple.product-type.application";
		};
/* End PBXNativeTarget section */

/* Begin PBXProject section */
		E19C10EA1516114D00E5C535 /* Project object */ = {
			isa = PBXProject;
			attributes = {
				LastUpgradeCheck = 0440;
				ORGANIZATIONNAME = JIzqApps;
			};
			buildConfigurationList = E19C10ED1516114D00E5C535 /* Build configuration list for PBXProject "HolaIO" */;
			compatibilityVersion = "Xcode 3.2";
			developmentRegion = English;
			hasScannedForEncodings = 0;
			knownRegions = (
				en,
			);
			mainGroup = E19C10E81516114D00E5C535;
			productRefGroup = E19C10F41516114D00E5C535 /* Products */;
			projectDirPath = "";
			projectRoot = "";
			targets = (
				E19C10F21516114D00E5C535 /* HolaIO */,
			);
		};
/* End PBXProject section */

/* Begin PBXResourcesBuildPhase section */
		E19C10F11516114D00E5C535 /* Resources */ = {
			isa = PBXResourcesBuildPhase;
			buildActionMask = 2147483647;
			files = (
				E19C11021516114D00E5C535 /* InfoPlist.strings in Resources */,
				E19C110B1516114D00E5C535 /* MainStoryboard.storyboard in Resources */,
				DA938CC51545CAC9008CC221 /* icon.png in Resources */,
				DA938CC81545CAFF008CC221 /* icon 2.png in Resources */,
			);
			runOnlyForDeploymentPostprocessing = 0;
		};
/* End PBXResourcesBuildPhase section */

/* Begin PBXSourcesBuildPhase section */
		E19C10EF1516114D00E5C535 /* Sources */ = {
			isa = PBXSourcesBuildPhase;
			buildActionMask = 2147483647;
			files = (
				E19C11041516114D00E5C535 /* main.m in Sources */,
				E19C11081516114D00E5C535 /* AppDelegate.m in Sources */,
				E19C110E1516114D00E5C535 /* ViewController.m in Sources */,
				E19C1116151611DE00E5C535 /* HolaIO.m in Sources */,
			);
			runOnlyForDeploymentPostprocessing = 0;
		};
/* End PBXSourcesBuildPhase section */

/* Begin PBXVariantGroup section */
		E19C11001516114D00E5C535 /* InfoPlist.strings */ = {
			isa = PBXVariantGroup;
			children = (
				E19C11011516114D00E5C535 /* en */,
			);
			name = InfoPlist.strings;
			sourceTree = "<group>";
		};
		E19C11091516114D00E5C535 /* MainStoryboard.storyboard */ = {
			isa = PBXVariantGroup;
			children = (
				E19C110A1516114D00E5C535 /* en */,
			);
			name = MainStoryboard.storyboard;
			sourceTree = "<group>";
		};
/* End PBXVariantGroup section */

/* Begin XCBuildConfiguration section */
		E19C110F1516114D00E5C535 /* Debug */ = {
			isa = XCBuildConfiguration;
			buildSettings = {
				ALWAYS_SEARCH_USER_PATHS = NO;
				ARCHS = "$(ARCHS_STANDARD_32_BIT)";
				CLANG_ENABLE_OBJC_ARC = YES;
				"CODE_SIGN_IDENTITY[sdk=iphoneos*]" = "iPhone Developer";
				COPY_PHASE_STRIP = NO;
				GCC_C_LANGUAGE_STANDARD = gnu99;
				GCC_DYNAMIC_NO_PIC = NO;
				GCC_OPTIMIZATION_LEVEL = 0;
				GCC_PREPROCESSOR_DEFINITIONS = (
					"DEBUG=1",
					"$(inherited)",
				);
				GCC_SYMBOLS_PRIVATE_EXTERN = NO;
				GCC_VERSION = com.apple.compilers.llvm.clang.1_0;
				GCC_WARN_ABOUT_RETURN_TYPE = YES;
				GCC_WARN_UNINITIALIZED_AUTOS = YES;
				GCC_WARN_UNUSED_VARIABLE = YES;
				IPHONEOS_DEPLOYMENT_TARGET = 5.0;
				SDKROOT = iphoneos;
			};
			name = Debug;
		};
		E19C11101516114D00E5C535 /* Release */ = {
			isa = XCBuildConfiguration;
			buildSettings = {
				ALWAYS_SEARCH_USER_PATHS = NO;
				ARCHS = "$(ARCHS_STANDARD_32_BIT)";
				CLANG_ENABLE_OBJC_ARC = YES;
				"CODE_SIGN_IDENTITY[sdk=iphoneos*]" = "iPhone Developer";
				COPY_PHASE_STRIP = YES;
				GCC_C_LANGUAGE_STANDARD = gnu99;
				GCC_VERSION = com.apple.compilers.llvm.clang.1_0;
				GCC_WARN_ABOUT_RETURN_TYPE = YES;
				GCC_WARN_UNINITIALIZED_AUTOS = YES;
				GCC_WARN_UNUSED_VARIABLE = YES;
				IPHONEOS_DEPLOYMENT_TARGET = 5.0;
				OTHER_CFLAGS = "-DNS_BLOCK_ASSERTIONS=1";
				SDKROOT = iphoneos;
				VALIDATE_PRODUCT = YES;
			};
			name = Release;
		};
		E19C11121516114D00E5C535 /* Debug */ = {
			isa = XCBuildConfiguration;
			buildSettings = {
				GCC_PRECOMPILE_PREFIX_HEADER = YES;
				GCC_PREFIX_HEADER = "HolaIO/HolaIO-Prefix.pch";
				INFOPLIST_FILE = "HolaIO/HolaIO-Info.plist";
				PRODUCT_NAME = "$(TARGET_NAME)";
				WRAPPER_EXTENSION = app;
			};
			name = Debug;
		};
		E19C11131516114D00E5C535 /* Release */ = {
			isa = XCBuildConfiguration;
			buildSettings = {
				GCC_PRECOMPILE_PREFIX_HEADER = YES;
				GCC_PREFIX_HEADER = "HolaIO/HolaIO-Prefix.pch";
				INFOPLIST_FILE = "HolaIO/HolaIO-Info.plist";
				PRODUCT_NAME = "$(TARGET_NAME)";
				WRAPPER_EXTENSION = app;
			};
			name = Release;
		};
/* End XCBuildConfiguration section */

/* Begin XCConfigurationList section */
		E19C10ED1516114D00E5C535 /* Build configuration list for PBXProject "HolaIO" */ = {
			isa = XCConfigurationList;
			buildConfigurations = (
				E19C110F1516114D00E5C535 /* Debug */,
				E19C11101516114D00E5C535 /* Release */,
			);
			defaultConfigurationIsVisible = 0;
			defaultConfigurationName = Release;
		};
		E19C11111516114D00E5C535 /* Build configuration list for PBXNativeTarget "HolaIO" */ = {
			isa = XCConfigurationList;
			buildConfigurations = (
				E19C11121516114D00E5C535 /* Debug */,
				E19C11131516114D00E5C535 /* Release */,
			);
			defaultConfigurationIsVisible = 0;
			defaultConfigurationName = Release;
		};
/* End XCConfigurationList section */
	};
	rootObject = E19C10EA1516114D00E5C535 /* Project object */;
}
